// !$*UTF8*$!
{
	archiveVersion = 1;
	classes = {
	};
	objectVersion = 48;
	objects = {

/* Begin PBXBuildFile section */
		E91F099290C2CC2F51694F72 /* libPods-BuDeJie.a in Frameworks */ = {isa = PBXBuildFile; fileRef = A2CC81A6596A008C36C8C396 /* libPods-BuDeJie.a */; };
		EC37E1C82036AC4100E76C8D /* WMTTopicVideoView.m in Sources */ = {isa = PBXBuildFile; fileRef = EC37E1C72036AC4100E76C8D /* WMTTopicVideoView.m */; };
		EC37E1CA2036AC9300E76C8D /* WMTTopicVideoView.xib in Resources */ = {isa = PBXBuildFile; fileRef = EC37E1C92036AC9300E76C8D /* WMTTopicVideoView.xib */; };
		EC37E1CD2036AD3000E76C8D /* WMTTopicVoiceView.m in Sources */ = {isa = PBXBuildFile; fileRef = EC37E1CC2036AD3000E76C8D /* WMTTopicVoiceView.m */; };
		EC37E1D02036AD5600E76C8D /* WMTTopicPictureView.m in Sources */ = {isa = PBXBuildFile; fileRef = EC37E1CF2036AD5600E76C8D /* WMTTopicPictureView.m */; };
		EC37E1D32036ADBE00E76C8D /* WMTTopicPictureView.xib in Resources */ = {isa = PBXBuildFile; fileRef = EC37E1D12036ADBD00E76C8D /* WMTTopicPictureView.xib */; };
		EC37E1D42036ADBE00E76C8D /* WMTTopicVoiceView.xib in Resources */ = {isa = PBXBuildFile; fileRef = EC37E1D22036ADBE00E76C8D /* WMTTopicVoiceView.xib */; };
		EC46910F2005E69C0061C1AF /* WMTTitleButton.m in Sources */ = {isa = PBXBuildFile; fileRef = EC46910E2005E69C0061C1AF /* WMTTitleButton.m */; };
		EC4691122007505B0061C1AF /* WMTAllViewController.m in Sources */ = {isa = PBXBuildFile; fileRef = EC4691112007505B0061C1AF /* WMTAllViewController.m */; };
		EC469115200750770061C1AF /* WMTPictureViewController.m in Sources */ = {isa = PBXBuildFile; fileRef = EC469114200750770061C1AF /* WMTPictureViewController.m */; };
		EC469118200751190061C1AF /* WMTViewViewController.m in Sources */ = {isa = PBXBuildFile; fileRef = EC469117200751190061C1AF /* WMTViewViewController.m */; };
		EC46911B2007513A0061C1AF /* WMTVoiceViewController.m in Sources */ = {isa = PBXBuildFile; fileRef = EC46911A2007513A0061C1AF /* WMTVoiceViewController.m */; };
		EC46911E2007514B0061C1AF /* WMTWordViewController.m in Sources */ = {isa = PBXBuildFile; fileRef = EC46911D2007514B0061C1AF /* WMTWordViewController.m */; };
		EC7EDAB91FE2449B00C30DF1 /* Main.storyboard in Resources */ = {isa = PBXBuildFile; fileRef = EC7EDAB71FE2449B00C30DF1 /* Main.storyboard */; };
		EC7EDABB1FE2449B00C30DF1 /* Assets.xcassets in Resources */ = {isa = PBXBuildFile; fileRef = EC7EDABA1FE2449B00C30DF1 /* Assets.xcassets */; };
		EC7EDABE1FE2449B00C30DF1 /* LaunchScreen.storyboard in Resources */ = {isa = PBXBuildFile; fileRef = EC7EDABC1FE2449B00C30DF1 /* LaunchScreen.storyboard */; };
		EC7EDAC81FE2555700C30DF1 /* Images.xcassets in Resources */ = {isa = PBXBuildFile; fileRef = EC7EDAC71FE2555700C30DF1 /* Images.xcassets */; };
		EC8835111FE272B2009F69C4 /* AppDelegate.m in Sources */ = {isa = PBXBuildFile; fileRef = EC88350A1FE272B2009F69C4 /* AppDelegate.m */; };
		EC8835121FE272B2009F69C4 /* main.m in Sources */ = {isa = PBXBuildFile; fileRef = EC88350B1FE272B2009F69C4 /* main.m */; };
		EC8835151FE2736D009F69C4 /* WMTEsesenceViewController.m in Sources */ = {isa = PBXBuildFile; fileRef = EC8835141FE2736D009F69C4 /* WMTEsesenceViewController.m */; };
		EC8835181FE2738C009F69C4 /* WMTFriendTrendViewController.m in Sources */ = {isa = PBXBuildFile; fileRef = EC8835171FE2738C009F69C4 /* WMTFriendTrendViewController.m */; };
		EC88351B1FE273FD009F69C4 /* WMTMeTiewController.m in Sources */ = {isa = PBXBuildFile; fileRef = EC88351A1FE273FD009F69C4 /* WMTMeTiewController.m */; };
		EC8835211FE2745C009F69C4 /* WMTPublishViewController.m in Sources */ = {isa = PBXBuildFile; fileRef = EC8835201FE2745C009F69C4 /* WMTPublishViewController.m */; };
		EC8835281FE2A4A2009F69C4 /* WMTTabBarController.m in Sources */ = {isa = PBXBuildFile; fileRef = EC8835271FE2A4A2009F69C4 /* WMTTabBarController.m */; };
		EC88352C1FE2ACF4009F69C4 /* UIImage+Image.m in Sources */ = {isa = PBXBuildFile; fileRef = EC88352B1FE2ACF4009F69C4 /* UIImage+Image.m */; };
		EC9E0990202B2E5E008E627E /* WMTTopic.m in Sources */ = {isa = PBXBuildFile; fileRef = EC9E098F202B2E5E008E627E /* WMTTopic.m */; };
		EC9E0993202C5FA9008E627E /* XMGNewViewController.m in Sources */ = {isa = PBXBuildFile; fileRef = EC9E0991202C5FA9008E627E /* XMGNewViewController.m */; };
		EC9E0996202C6740008E627E /* WMTTopicCell.m in Sources */ = {isa = PBXBuildFile; fileRef = EC9E0995202C6740008E627E /* WMTTopicCell.m */; };
		EC9E09A4202C6912008E627E /* WMTTopicCell.xib in Resources */ = {isa = PBXBuildFile; fileRef = EC9E09A3202C6912008E627E /* WMTTopicCell.xib */; };
		ECAFF7831FE54F5A0061755A /* WMTTabBar.m in Sources */ = {isa = PBXBuildFile; fileRef = ECAFF7821FE54F5A0061755A /* WMTTabBar.m */; };
		ECAFF7861FE626A00061755A /* UIView+Frame.m in Sources */ = {isa = PBXBuildFile; fileRef = ECAFF7851FE626A00061755A /* UIView+Frame.m */; };
		ECAFF78A1FE688550061755A /* UIBarButtonItem+Item.m in Sources */ = {isa = PBXBuildFile; fileRef = ECAFF7891FE688550061755A /* UIBarButtonItem+Item.m */; };
		ECAFF78D1FE7E1580061755A /* WMTNavigationViewController.m in Sources */ = {isa = PBXBuildFile; fileRef = ECAFF78C1FE7E1580061755A /* WMTNavigationViewController.m */; };
		ECAFF79F1FE7ED1C0061755A /* WMTSettingViewController.m in Sources */ = {isa = PBXBuildFile; fileRef = ECAFF79B1FE7ED1C0061755A /* WMTSettingViewController.m */; };
		ECAFF7A91FE929100061755A /* WMTADViewController.m in Sources */ = {isa = PBXBuildFile; fileRef = ECAFF7A81FE929100061755A /* WMTADViewController.m */; };
		ECAFF7AB1FE92CBC0061755A /* WMTADViewController.xib in Resources */ = {isa = PBXBuildFile; fileRef = ECAFF7AA1FE92CBC0061755A /* WMTADViewController.xib */; };
		ECAFF7B41FE95EC30061755A /* LaunchImage-568h@2x.png in Resources */ = {isa = PBXBuildFile; fileRef = ECAFF7AD1FE95EC30061755A /* LaunchImage-568h@2x.png */; };
		ECAFF7B51FE95EC30061755A /* LaunchImage-700-568h@2x.png in Resources */ = {isa = PBXBuildFile; fileRef = ECAFF7AE1FE95EC30061755A /* LaunchImage-700-568h@2x.png */; };
		ECAFF7B61FE95EC30061755A /* LaunchImage-700@2x.png in Resources */ = {isa = PBXBuildFile; fileRef = ECAFF7AF1FE95EC30061755A /* LaunchImage-700@2x.png */; };
		ECAFF7B71FE95EC30061755A /* LaunchImage-800-667h@2x.png in Resources */ = {isa = PBXBuildFile; fileRef = ECAFF7B01FE95EC30061755A /* LaunchImage-800-667h@2x.png */; };
		ECAFF7B81FE95EC30061755A /* LaunchImage-800-Portrait-736h@3x.png in Resources */ = {isa = PBXBuildFile; fileRef = ECAFF7B11FE95EC30061755A /* LaunchImage-800-Portrait-736h@3x.png */; };
		ECAFF7B91FE95EC30061755A /* LaunchImage.png in Resources */ = {isa = PBXBuildFile; fileRef = ECAFF7B21FE95EC30061755A /* LaunchImage.png */; };
		ECAFF7BA1FE95EC30061755A /* LaunchImage@2x.png in Resources */ = {isa = PBXBuildFile; fileRef = ECAFF7B31FE95EC30061755A /* LaunchImage@2x.png */; };
		ECAFF7BD1FEE26CD0061755A /* WMTADItem.m in Sources */ = {isa = PBXBuildFile; fileRef = ECAFF7BC1FEE26CD0061755A /* WMTADItem.m */; };
		ECAFF7E21FF1DE140061755A /* WMTSubTagViewController.m in Sources */ = {isa = PBXBuildFile; fileRef = ECAFF7E11FF1DE140061755A /* WMTSubTagViewController.m */; };
		ECAFF7E51FF1E60F0061755A /* WMTSubTagItem.m in Sources */ = {isa = PBXBuildFile; fileRef = ECAFF7E41FF1E60F0061755A /* WMTSubTagItem.m */; };
		ECAFF7E91FF1EF9E0061755A /* WMTSubTagcel.m in Sources */ = {isa = PBXBuildFile; fileRef = ECAFF7E71FF1EF9E0061755A /* WMTSubTagcel.m */; };
		ECAFF7EA1FF1EF9E0061755A /* WMTSubTagcel.xib in Resources */ = {isa = PBXBuildFile; fileRef = ECAFF7E81FF1EF9E0061755A /* WMTSubTagcel.xib */; };
		ECAFF7F11FF345AF0061755A /* WMTFriendTrendViewController.xib in Resources */ = {isa = PBXBuildFile; fileRef = ECAFF7F01FF345AF0061755A /* WMTFriendTrendViewController.xib */; };
		ECAFF8051FF351020061755A /* WMTLoginRegisterViewController.m in Sources */ = {isa = PBXBuildFile; fileRef = ECAFF8031FF351020061755A /* WMTLoginRegisterViewController.m */; };
		ECAFF8061FF351020061755A /* WMTLoginRegisterViewController.xib in Resources */ = {isa = PBXBuildFile; fileRef = ECAFF8041FF351020061755A /* WMTLoginRegisterViewController.xib */; };
		ECAFF8191FF367600061755A /* WMTLoginRegister.m in Sources */ = {isa = PBXBuildFile; fileRef = ECAFF8181FF367600061755A /* WMTLoginRegister.m */; };
		ECAFF81D1FF367ED0061755A /* WMTLoginRegister.xib in Resources */ = {isa = PBXBuildFile; fileRef = ECAFF81C1FF367ED0061755A /* WMTLoginRegister.xib */; };
		ECC2B8B51FFB897D0025BB42 /* WMTMeTiewController.storyboard in Resources */ = {isa = PBXBuildFile; fileRef = ECC2B8B41FFB897D0025BB42 /* WMTMeTiewController.storyboard */; };
/* End PBXBuildFile section */

/* Begin PBXFileReference section */
		41A5EAF42AA0A5BB79BF5728 /* Pods-BuDeJie.release.xcconfig */ = {isa = PBXFileReference; includeInIndex = 1; lastKnownFileType = text.xcconfig; name = "Pods-BuDeJie.release.xcconfig"; path = "Pods/Target Support Files/Pods-BuDeJie/Pods-BuDeJie.release.xcconfig"; sourceTree = "<group>"; };
		A2CC81A6596A008C36C8C396 /* libPods-BuDeJie.a */ = {isa = PBXFileReference; explicitFileType = archive.ar; includeInIndex = 0; path = "libPods-BuDeJie.a"; sourceTree = BUILT_PRODUCTS_DIR; };
		DAB347DF04590F1479D8E756 /* Pods-BuDeJie.debug.xcconfig */ = {isa = PBXFileReference; includeInIndex = 1; lastKnownFileType = text.xcconfig; name = "Pods-BuDeJie.debug.xcconfig"; path = "Pods/Target Support Files/Pods-BuDeJie/Pods-BuDeJie.debug.xcconfig"; sourceTree = "<group>"; };
		EC37E1C62036AC4100E76C8D /* WMTTopicVideoView.h */ = {isa = PBXFileReference; lastKnownFileType = sourcecode.c.h; path = WMTTopicVideoView.h; sourceTree = "<group>"; };
		EC37E1C72036AC4100E76C8D /* WMTTopicVideoView.m */ = {isa = PBXFileReference; lastKnownFileType = sourcecode.c.objc; path = WMTTopicVideoView.m; sourceTree = "<group>"; };
		EC37E1C92036AC9300E76C8D /* WMTTopicVideoView.xib */ = {isa = PBXFileReference; lastKnownFileType = file.xib; path = WMTTopicVideoView.xib; sourceTree = "<group>"; };
		EC37E1CB2036AD3000E76C8D /* WMTTopicVoiceView.h */ = {isa = PBXFileReference; lastKnownFileType = sourcecode.c.h; path = WMTTopicVoiceView.h; sourceTree = "<group>"; };
		EC37E1CC2036AD3000E76C8D /* WMTTopicVoiceView.m */ = {isa = PBXFileReference; lastKnownFileType = sourcecode.c.objc; path = WMTTopicVoiceView.m; sourceTree = "<group>"; };
		EC37E1CE2036AD5600E76C8D /* WMTTopicPictureView.h */ = {isa = PBXFileReference; lastKnownFileType = sourcecode.c.h; path = WMTTopicPictureView.h; sourceTree = "<group>"; };
		EC37E1CF2036AD5600E76C8D /* WMTTopicPictureView.m */ = {isa = PBXFileReference; lastKnownFileType = sourcecode.c.objc; path = WMTTopicPictureView.m; sourceTree = "<group>"; };
		EC37E1D12036ADBD00E76C8D /* WMTTopicPictureView.xib */ = {isa = PBXFileReference; fileEncoding = 4; lastKnownFileType = file.xib; path = WMTTopicPictureView.xib; sourceTree = "<group>"; };
		EC37E1D22036ADBE00E76C8D /* WMTTopicVoiceView.xib */ = {isa = PBXFileReference; fileEncoding = 4; lastKnownFileType = file.xib; path = WMTTopicVoiceView.xib; sourceTree = "<group>"; };
		EC46910D2005E69C0061C1AF /* WMTTitleButton.h */ = {isa = PBXFileReference; lastKnownFileType = sourcecode.c.h; path = WMTTitleButton.h; sourceTree = "<group>"; };
		EC46910E2005E69C0061C1AF /* WMTTitleButton.m */ = {isa = PBXFileReference; lastKnownFileType = sourcecode.c.objc; path = WMTTitleButton.m; sourceTree = "<group>"; };
		EC4691102007505B0061C1AF /* WMTAllViewController.h */ = {isa = PBXFileReference; lastKnownFileType = sourcecode.c.h; path = WMTAllViewController.h; sourceTree = "<group>"; };
		EC4691112007505B0061C1AF /* WMTAllViewController.m */ = {isa = PBXFileReference; lastKnownFileType = sourcecode.c.objc; path = WMTAllViewController.m; sourceTree = "<group>"; };
		EC469113200750770061C1AF /* WMTPictureViewController.h */ = {isa = PBXFileReference; lastKnownFileType = sourcecode.c.h; path = WMTPictureViewController.h; sourceTree = "<group>"; };
		EC469114200750770061C1AF /* WMTPictureViewController.m */ = {isa = PBXFileReference; lastKnownFileType = sourcecode.c.objc; path = WMTPictureViewController.m; sourceTree = "<group>"; };
		EC469116200751190061C1AF /* WMTViewViewController.h */ = {isa = PBXFileReference; lastKnownFileType = sourcecode.c.h; path = WMTViewViewController.h; sourceTree = "<group>"; };
		EC469117200751190061C1AF /* WMTViewViewController.m */ = {isa = PBXFileReference; lastKnownFileType = sourcecode.c.objc; path = WMTViewViewController.m; sourceTree = "<group>"; };
		EC4691192007513A0061C1AF /* WMTVoiceViewController.h */ = {isa = PBXFileReference; lastKnownFileType = sourcecode.c.h; path = WMTVoiceViewController.h; sourceTree = "<group>"; };
		EC46911A2007513A0061C1AF /* WMTVoiceViewController.m */ = {isa = PBXFileReference; lastKnownFileType = sourcecode.c.objc; path = WMTVoiceViewController.m; sourceTree = "<group>"; };
		EC46911C2007514B0061C1AF /* WMTWordViewController.h */ = {isa = PBXFileReference; lastKnownFileType = sourcecode.c.h; path = WMTWordViewController.h; sourceTree = "<group>"; };
		EC46911D2007514B0061C1AF /* WMTWordViewController.m */ = {isa = PBXFileReference; lastKnownFileType = sourcecode.c.objc; path = WMTWordViewController.m; sourceTree = "<group>"; };
		EC7EDAAE1FE2449B00C30DF1 /* BuDeJie.app */ = {isa = PBXFileReference; explicitFileType = wrapper.application; includeInIndex = 0; path = BuDeJie.app; sourceTree = BUILT_PRODUCTS_DIR; };
		EC7EDAB81FE2449B00C30DF1 /* Base */ = {isa = PBXFileReference; lastKnownFileType = file.storyboard; name = Base; path = Base.lproj/Main.storyboard; sourceTree = "<group>"; };
		EC7EDABA1FE2449B00C30DF1 /* Assets.xcassets */ = {isa = PBXFileReference; lastKnownFileType = folder.assetcatalog; path = Assets.xcassets; sourceTree = "<group>"; };
		EC7EDABD1FE2449B00C30DF1 /* Base */ = {isa = PBXFileReference; lastKnownFileType = file.storyboard; name = Base; path = Base.lproj/LaunchScreen.storyboard; sourceTree = "<group>"; };
		EC7EDABF1FE2449B00C30DF1 /* Info.plist */ = {isa = PBXFileReference; lastKnownFileType = text.plist.xml; path = Info.plist; sourceTree = "<group>"; };
		EC7EDAC71FE2555700C30DF1 /* Images.xcassets */ = {isa = PBXFileReference; lastKnownFileType = folder.assetcatalog; path = Images.xcassets; sourceTree = "<group>"; };
		EC8835091FE272B2009F69C4 /* AppDelegate.h */ = {isa = PBXFileReference; fileEncoding = 4; lastKnownFileType = sourcecode.c.h; path = AppDelegate.h; sourceTree = "<group>"; };
		EC88350A1FE272B2009F69C4 /* AppDelegate.m */ = {isa = PBXFileReference; fileEncoding = 4; lastKnownFileType = sourcecode.c.objc; path = AppDelegate.m; sourceTree = "<group>"; };
		EC88350B1FE272B2009F69C4 /* main.m */ = {isa = PBXFileReference; fileEncoding = 4; lastKnownFileType = sourcecode.c.objc; path = main.m; sourceTree = "<group>"; };
		EC8835131FE2736D009F69C4 /* WMTEsesenceViewController.h */ = {isa = PBXFileReference; lastKnownFileType = sourcecode.c.h; path = WMTEsesenceViewController.h; sourceTree = "<group>"; };
		EC8835141FE2736D009F69C4 /* WMTEsesenceViewController.m */ = {isa = PBXFileReference; lastKnownFileType = sourcecode.c.objc; path = WMTEsesenceViewController.m; sourceTree = "<group>"; };
		EC8835161FE2738C009F69C4 /* WMTFriendTrendViewController.h */ = {isa = PBXFileReference; lastKnownFileType = sourcecode.c.h; name = WMTFriendTrendViewController.h; path = "BuDeJie/Classes/FriendTrend(关注)/Controller/WMTFriendTrendViewController.h"; sourceTree = SOURCE_ROOT; };
		EC8835171FE2738C009F69C4 /* WMTFriendTrendViewController.m */ = {isa = PBXFileReference; lastKnownFileType = sourcecode.c.objc; name = WMTFriendTrendViewController.m; path = "BuDeJie/Classes/FriendTrend(关注)/Controller/WMTFriendTrendViewController.m"; sourceTree = SOURCE_ROOT; };
		EC8835191FE273FD009F69C4 /* WMTMeTiewController.h */ = {isa = PBXFileReference; lastKnownFileType = sourcecode.c.h; name = WMTMeTiewController.h; path = "BuDeJie/Classes/Me(我)/Controller/WMTMeTiewController.h"; sourceTree = SOURCE_ROOT; };
		EC88351A1FE273FD009F69C4 /* WMTMeTiewController.m */ = {isa = PBXFileReference; lastKnownFileType = sourcecode.c.objc; name = WMTMeTiewController.m; path = "BuDeJie/Classes/Me(我)/Controller/WMTMeTiewController.m"; sourceTree = SOURCE_ROOT; };
		EC88351F1FE2745C009F69C4 /* WMTPublishViewController.h */ = {isa = PBXFileReference; lastKnownFileType = sourcecode.c.h; name = WMTPublishViewController.h; path = "BuDeJie/Classes/Publish(发布)/Controller/WMTPublishViewController.h"; sourceTree = SOURCE_ROOT; };
		EC8835201FE2745C009F69C4 /* WMTPublishViewController.m */ = {isa = PBXFileReference; lastKnownFileType = sourcecode.c.objc; name = WMTPublishViewController.m; path = "BuDeJie/Classes/Publish(发布)/Controller/WMTPublishViewController.m"; sourceTree = SOURCE_ROOT; };
		EC8835261FE2A4A2009F69C4 /* WMTTabBarController.h */ = {isa = PBXFileReference; lastKnownFileType = sourcecode.c.h; path = WMTTabBarController.h; sourceTree = "<group>"; };
		EC8835271FE2A4A2009F69C4 /* WMTTabBarController.m */ = {isa = PBXFileReference; lastKnownFileType = sourcecode.c.objc; path = WMTTabBarController.m; sourceTree = "<group>"; };
		EC88352A1FE2ACF4009F69C4 /* UIImage+Image.h */ = {isa = PBXFileReference; lastKnownFileType = sourcecode.c.h; path = "UIImage+Image.h"; sourceTree = "<group>"; };
		EC88352B1FE2ACF4009F69C4 /* UIImage+Image.m */ = {isa = PBXFileReference; lastKnownFileType = sourcecode.c.objc; path = "UIImage+Image.m"; sourceTree = "<group>"; };
		EC9E098E202B2E5E008E627E /* WMTTopic.h */ = {isa = PBXFileReference; lastKnownFileType = sourcecode.c.h; path = WMTTopic.h; sourceTree = "<group>"; };
		EC9E098F202B2E5E008E627E /* WMTTopic.m */ = {isa = PBXFileReference; lastKnownFileType = sourcecode.c.objc; path = WMTTopic.m; sourceTree = "<group>"; };
		EC9E0991202C5FA9008E627E /* XMGNewViewController.m */ = {isa = PBXFileReference; fileEncoding = 4; lastKnownFileType = sourcecode.c.objc; name = XMGNewViewController.m; path = "../../../../../../../Downloads/归档/代码/05-BuDeJie-/BuDeJie/Classes/New(新帖)/Controller/XMGNewViewController.m"; sourceTree = "<group>"; };
		EC9E0992202C5FA9008E627E /* XMGNewViewController.h */ = {isa = PBXFileReference; fileEncoding = 4; lastKnownFileType = sourcecode.c.h; name = XMGNewViewController.h; path = "../../../../../../../Downloads/归档/代码/05-BuDeJie-/BuDeJie/Classes/New(新帖)/Controller/XMGNewViewController.h"; sourceTree = "<group>"; };
		EC9E0994202C6740008E627E /* WMTTopicCell.h */ = {isa = PBXFileReference; lastKnownFileType = sourcecode.c.h; path = WMTTopicCell.h; sourceTree = "<group>"; };
		EC9E0995202C6740008E627E /* WMTTopicCell.m */ = {isa = PBXFileReference; lastKnownFileType = sourcecode.c.objc; path = WMTTopicCell.m; sourceTree = "<group>"; };
		EC9E09A3202C6912008E627E /* WMTTopicCell.xib */ = {isa = PBXFileReference; lastKnownFileType = file.xib; path = WMTTopicCell.xib; sourceTree = "<group>"; };
		ECAFF7811FE54F5A0061755A /* WMTTabBar.h */ = {isa = PBXFileReference; lastKnownFileType = sourcecode.c.h; path = WMTTabBar.h; sourceTree = "<group>"; };
		ECAFF7821FE54F5A0061755A /* WMTTabBar.m */ = {isa = PBXFileReference; lastKnownFileType = sourcecode.c.objc; path = WMTTabBar.m; sourceTree = "<group>"; };
		ECAFF7841FE626A00061755A /* UIView+Frame.h */ = {isa = PBXFileReference; lastKnownFileType = sourcecode.c.h; path = "UIView+Frame.h"; sourceTree = "<group>"; };
		ECAFF7851FE626A00061755A /* UIView+Frame.m */ = {isa = PBXFileReference; lastKnownFileType = sourcecode.c.objc; path = "UIView+Frame.m"; sourceTree = "<group>"; };
		ECAFF7871FE62E980061755A /* BuDeJie.pch */ = {isa = PBXFileReference; lastKnownFileType = sourcecode.c.h; path = BuDeJie.pch; sourceTree = "<group>"; };
		ECAFF7881FE688550061755A /* UIBarButtonItem+Item.h */ = {isa = PBXFileReference; lastKnownFileType = sourcecode.c.h; path = "UIBarButtonItem+Item.h"; sourceTree = "<group>"; };
		ECAFF7891FE688550061755A /* UIBarButtonItem+Item.m */ = {isa = PBXFileReference; lastKnownFileType = sourcecode.c.objc; path = "UIBarButtonItem+Item.m"; sourceTree = "<group>"; };
		ECAFF78B1FE7E1580061755A /* WMTNavigationViewController.h */ = {isa = PBXFileReference; lastKnownFileType = sourcecode.c.h; path = WMTNavigationViewController.h; sourceTree = "<group>"; };
		ECAFF78C1FE7E1580061755A /* WMTNavigationViewController.m */ = {isa = PBXFileReference; lastKnownFileType = sourcecode.c.objc; path = WMTNavigationViewController.m; sourceTree = "<group>"; };
		ECAFF79A1FE7ED1C0061755A /* WMTSettingViewController.h */ = {isa = PBXFileReference; fileEncoding = 4; lastKnownFileType = sourcecode.c.h; path = WMTSettingViewController.h; sourceTree = "<group>"; };
		ECAFF79B1FE7ED1C0061755A /* WMTSettingViewController.m */ = {isa = PBXFileReference; fileEncoding = 4; lastKnownFileType = sourcecode.c.objc; path = WMTSettingViewController.m; sourceTree = "<group>"; };
		ECAFF7A71FE929100061755A /* WMTADViewController.h */ = {isa = PBXFileReference; lastKnownFileType = sourcecode.c.h; path = WMTADViewController.h; sourceTree = "<group>"; };
		ECAFF7A81FE929100061755A /* WMTADViewController.m */ = {isa = PBXFileReference; lastKnownFileType = sourcecode.c.objc; path = WMTADViewController.m; sourceTree = "<group>"; };
		ECAFF7AA1FE92CBC0061755A /* WMTADViewController.xib */ = {isa = PBXFileReference; lastKnownFileType = file.xib; path = WMTADViewController.xib; sourceTree = "<group>"; };
		ECAFF7AD1FE95EC30061755A /* LaunchImage-568h@2x.png */ = {isa = PBXFileReference; lastKnownFileType = image.png; path = "LaunchImage-568h@2x.png"; sourceTree = "<group>"; };
		ECAFF7AE1FE95EC30061755A /* LaunchImage-700-568h@2x.png */ = {isa = PBXFileReference; lastKnownFileType = image.png; path = "LaunchImage-700-568h@2x.png"; sourceTree = "<group>"; };
		ECAFF7AF1FE95EC30061755A /* LaunchImage-700@2x.png */ = {isa = PBXFileReference; lastKnownFileType = image.png; path = "LaunchImage-700@2x.png"; sourceTree = "<group>"; };
		ECAFF7B01FE95EC30061755A /* LaunchImage-800-667h@2x.png */ = {isa = PBXFileReference; lastKnownFileType = image.png; path = "LaunchImage-800-667h@2x.png"; sourceTree = "<group>"; };
		ECAFF7B11FE95EC30061755A /* LaunchImage-800-Portrait-736h@3x.png */ = {isa = PBXFileReference; lastKnownFileType = image.png; path = "LaunchImage-800-Portrait-736h@3x.png"; sourceTree = "<group>"; };
		ECAFF7B21FE95EC30061755A /* LaunchImage.png */ = {isa = PBXFileReference; lastKnownFileType = image.png; path = LaunchImage.png; sourceTree = "<group>"; };
		ECAFF7B31FE95EC30061755A /* LaunchImage@2x.png */ = {isa = PBXFileReference; lastKnownFileType = image.png; path = "LaunchImage@2x.png"; sourceTree = "<group>"; };
		ECAFF7BB1FEE26CD0061755A /* WMTADItem.h */ = {isa = PBXFileReference; lastKnownFileType = sourcecode.c.h; path = WMTADItem.h; sourceTree = "<group>"; };
		ECAFF7BC1FEE26CD0061755A /* WMTADItem.m */ = {isa = PBXFileReference; lastKnownFileType = sourcecode.c.objc; path = WMTADItem.m; sourceTree = "<group>"; };
		ECAFF7E01FF1DE140061755A /* WMTSubTagViewController.h */ = {isa = PBXFileReference; lastKnownFileType = sourcecode.c.h; path = WMTSubTagViewController.h; sourceTree = "<group>"; };
		ECAFF7E11FF1DE140061755A /* WMTSubTagViewController.m */ = {isa = PBXFileReference; lastKnownFileType = sourcecode.c.objc; path = WMTSubTagViewController.m; sourceTree = "<group>"; };
		ECAFF7E31FF1E60F0061755A /* WMTSubTagItem.h */ = {isa = PBXFileReference; lastKnownFileType = sourcecode.c.h; path = WMTSubTagItem.h; sourceTree = "<group>"; };
		ECAFF7E41FF1E60F0061755A /* WMTSubTagItem.m */ = {isa = PBXFileReference; lastKnownFileType = sourcecode.c.objc; path = WMTSubTagItem.m; sourceTree = "<group>"; };
		ECAFF7E61FF1EF9E0061755A /* WMTSubTagcel.h */ = {isa = PBXFileReference; lastKnownFileType = sourcecode.c.h; path = WMTSubTagcel.h; sourceTree = "<group>"; };
		ECAFF7E71FF1EF9E0061755A /* WMTSubTagcel.m */ = {isa = PBXFileReference; lastKnownFileType = sourcecode.c.objc; path = WMTSubTagcel.m; sourceTree = "<group>"; };
		ECAFF7E81FF1EF9E0061755A /* WMTSubTagcel.xib */ = {isa = PBXFileReference; lastKnownFileType = file.xib; path = WMTSubTagcel.xib; sourceTree = "<group>"; };
		ECAFF7F01FF345AF0061755A /* WMTFriendTrendViewController.xib */ = {isa = PBXFileReference; lastKnownFileType = file.xib; path = WMTFriendTrendViewController.xib; sourceTree = "<group>"; };
		ECAFF8021FF351020061755A /* WMTLoginRegisterViewController.h */ = {isa = PBXFileReference; lastKnownFileType = sourcecode.c.h; path = WMTLoginRegisterViewController.h; sourceTree = "<group>"; };
		ECAFF8031FF351020061755A /* WMTLoginRegisterViewController.m */ = {isa = PBXFileReference; lastKnownFileType = sourcecode.c.objc; path = WMTLoginRegisterViewController.m; sourceTree = "<group>"; };
		ECAFF8041FF351020061755A /* WMTLoginRegisterViewController.xib */ = {isa = PBXFileReference; lastKnownFileType = file.xib; path = WMTLoginRegisterViewController.xib; sourceTree = "<group>"; };
		ECAFF8171FF367600061755A /* WMTLoginRegister.h */ = {isa = PBXFileReference; lastKnownFileType = sourcecode.c.h; path = WMTLoginRegister.h; sourceTree = "<group>"; };
		ECAFF8181FF367600061755A /* WMTLoginRegister.m */ = {isa = PBXFileReference; lastKnownFileType = sourcecode.c.objc; path = WMTLoginRegister.m; sourceTree = "<group>"; };
		ECAFF81C1FF367ED0061755A /* WMTLoginRegister.xib */ = {isa = PBXFileReference; lastKnownFileType = file.xib; path = WMTLoginRegister.xib; sourceTree = "<group>"; };
		ECC2B8B41FFB897D0025BB42 /* WMTMeTiewController.storyboard */ = {isa = PBXFileReference; lastKnownFileType = file.storyboard; path = WMTMeTiewController.storyboard; sourceTree = "<group>"; };
/* End PBXFileReference section */

/* Begin PBXFrameworksBuildPhase section */
		EC7EDAAB1FE2449B00C30DF1 /* Frameworks */ = {
			isa = PBXFrameworksBuildPhase;
			buildActionMask = 2147483647;
			files = (
				E91F099290C2CC2F51694F72 /* libPods-BuDeJie.a in Frameworks */,
			);
			runOnlyForDeploymentPostprocessing = 0;
		};
/* End PBXFrameworksBuildPhase section */

/* Begin PBXGroup section */
		2A4577720FE65E7FF1FC20E3 /* Pods */ = {
			isa = PBXGroup;
			children = (
				DAB347DF04590F1479D8E756 /* Pods-BuDeJie.debug.xcconfig */,
				41A5EAF42AA0A5BB79BF5728 /* Pods-BuDeJie.release.xcconfig */,
			);
			name = Pods;
			sourceTree = "<group>";
		};
		4C9FFAE54E042C005B89F04E /* Frameworks */ = {
			isa = PBXGroup;
			children = (
				A2CC81A6596A008C36C8C396 /* libPods-BuDeJie.a */,
			);
			name = Frameworks;
			sourceTree = "<group>";
		};
		EC46910C2005E6540061C1AF /* View */ = {
			isa = PBXGroup;
			children = (
				EC46910D2005E69C0061C1AF /* WMTTitleButton.h */,
				EC46910E2005E69C0061C1AF /* WMTTitleButton.m */,
				EC9E0994202C6740008E627E /* WMTTopicCell.h */,
				EC9E0995202C6740008E627E /* WMTTopicCell.m */,
				EC9E09A3202C6912008E627E /* WMTTopicCell.xib */,
				EC37E1C62036AC4100E76C8D /* WMTTopicVideoView.h */,
				EC37E1C72036AC4100E76C8D /* WMTTopicVideoView.m */,
				EC37E1C92036AC9300E76C8D /* WMTTopicVideoView.xib */,
				EC37E1CB2036AD3000E76C8D /* WMTTopicVoiceView.h */,
				EC37E1CC2036AD3000E76C8D /* WMTTopicVoiceView.m */,
				EC37E1D22036ADBE00E76C8D /* WMTTopicVoiceView.xib */,
				EC37E1CE2036AD5600E76C8D /* WMTTopicPictureView.h */,
				EC37E1CF2036AD5600E76C8D /* WMTTopicPictureView.m */,
				EC37E1D12036ADBD00E76C8D /* WMTTopicPictureView.xib */,
			);
			path = View;
			sourceTree = "<group>";
		};
		EC7EDAA51FE2449B00C30DF1 = {
			isa = PBXGroup;
			children = (
				EC7EDAB01FE2449B00C30DF1 /* BuDeJie */,
				EC7EDAAF1FE2449B00C30DF1 /* Products */,
				2A4577720FE65E7FF1FC20E3 /* Pods */,
				4C9FFAE54E042C005B89F04E /* Frameworks */,
			);
			sourceTree = "<group>";
		};
		EC7EDAAF1FE2449B00C30DF1 /* Products */ = {
			isa = PBXGroup;
			children = (
				EC7EDAAE1FE2449B00C30DF1 /* BuDeJie.app */,
			);
			name = Products;
			sourceTree = "<group>";
		};
		EC7EDAB01FE2449B00C30DF1 /* BuDeJie */ = {
			isa = PBXGroup;
			children = (
				ECAFF7AC1FE95EC30061755A /* 启动图片 */,
				EC8834F61FE272B2009F69C4 /* Classes */,
				EC7EDAB71FE2449B00C30DF1 /* Main.storyboard */,
				EC7EDABA1FE2449B00C30DF1 /* Assets.xcassets */,
				EC7EDABC1FE2449B00C30DF1 /* LaunchScreen.storyboard */,
				EC7EDABF1FE2449B00C30DF1 /* Info.plist */,
				EC7EDAC71FE2555700C30DF1 /* Images.xcassets */,
			);
			path = BuDeJie;
			sourceTree = "<group>";
		};
		EC8834F61FE272B2009F69C4 /* Classes */ = {
			isa = PBXGroup;
			children = (
				ECAFF7A31FE928A00061755A /* AD(广告) */,
				ECAFF7981FE7ED1C0061755A /* Setting(设置) */,
				EC8835221FE2A452009F69C4 /* main */,
				EC8835081FE272B2009F69C4 /* Other */,
				EC8834F71FE272B2009F69C4 /* Esesence(精华) */,
				EC8834FC1FE272B2009F69C4 /* FriendTrend(关注) */,
				EC8835001FE272B2009F69C4 /* Me(我) */,
				EC8835041FE272B2009F69C4 /* New(新贴) */,
				EC88350C1FE272B2009F69C4 /* Publish(发布) */,
			);
			path = Classes;
			sourceTree = "<group>";
		};
		EC8834F71FE272B2009F69C4 /* Esesence(精华) */ = {
			isa = PBXGroup;
			children = (
				EC9E098D202B2E27008E627E /* Model */,
				EC46910C2005E6540061C1AF /* View */,
				EC8834F81FE272B2009F69C4 /* Controller */,
			);
			path = "Esesence(精华)";
			sourceTree = "<group>";
		};
		EC8834F81FE272B2009F69C4 /* Controller */ = {
			isa = PBXGroup;
			children = (
				EC8835131FE2736D009F69C4 /* WMTEsesenceViewController.h */,
				EC8835141FE2736D009F69C4 /* WMTEsesenceViewController.m */,
				EC4691102007505B0061C1AF /* WMTAllViewController.h */,
				EC4691112007505B0061C1AF /* WMTAllViewController.m */,
				EC469113200750770061C1AF /* WMTPictureViewController.h */,
				EC469114200750770061C1AF /* WMTPictureViewController.m */,
				EC469116200751190061C1AF /* WMTViewViewController.h */,
				EC469117200751190061C1AF /* WMTViewViewController.m */,
				EC4691192007513A0061C1AF /* WMTVoiceViewController.h */,
				EC46911A2007513A0061C1AF /* WMTVoiceViewController.m */,
				EC46911C2007514B0061C1AF /* WMTWordViewController.h */,
				EC46911D2007514B0061C1AF /* WMTWordViewController.m */,
			);
			path = Controller;
			sourceTree = "<group>";
		};
		EC8834FC1FE272B2009F69C4 /* FriendTrend(关注) */ = {
			isa = PBXGroup;
			children = (
				ECAFF7ED1FF344F20061755A /* Controller */,
				ECAFF8161FF3670F0061755A /* Model */,
				ECAFF8151FF3670F0061755A /* View */,
			);
			path = "FriendTrend(关注)";
			sourceTree = "<group>";
		};
		EC8835001FE272B2009F69C4 /* Me(我) */ = {
			isa = PBXGroup;
			children = (
				ECAFF7DF1FF154B10061755A /* Controller */,
				ECAFF7DE1FF154B10061755A /* Model */,
				ECAFF7DD1FF154B00061755A /* View */,
			);
			path = "Me(我)";
			sourceTree = "<group>";
		};
		EC8835041FE272B2009F69C4 /* New(新贴) */ = {
			isa = PBXGroup;
			children = (
				ECAFF7CF1FF14F020061755A /* Controller */,
				ECAFF7D91FF153AB0061755A /* Model */,
				EC8835071FE272B2009F69C4 /* View */,
			);
			path = "New(新贴)";
			sourceTree = "<group>";
		};
		EC8835071FE272B2009F69C4 /* View */ = {
			isa = PBXGroup;
			children = (
				ECAFF7E61FF1EF9E0061755A /* WMTSubTagcel.h */,
				ECAFF7E71FF1EF9E0061755A /* WMTSubTagcel.m */,
				ECAFF7E81FF1EF9E0061755A /* WMTSubTagcel.xib */,
			);
			path = View;
			sourceTree = "<group>";
		};
		EC8835081FE272B2009F69C4 /* Other */ = {
			isa = PBXGroup;
			children = (
				EC8835291FE2ACC5009F69C4 /* Category */,
				EC8835091FE272B2009F69C4 /* AppDelegate.h */,
				EC88350A1FE272B2009F69C4 /* AppDelegate.m */,
				EC88350B1FE272B2009F69C4 /* main.m */,
				ECAFF7871FE62E980061755A /* BuDeJie.pch */,
			);
			path = Other;
			sourceTree = "<group>";
		};
		EC88350C1FE272B2009F69C4 /* Publish(发布) */ = {
			isa = PBXGroup;
			children = (
				ECAFF7DC1FF154570061755A /* Controller */,
				ECAFF7DA1FF154570061755A /* Model */,
				ECAFF7DB1FF154570061755A /* View */,
			);
			path = "Publish(发布)";
			sourceTree = "<group>";
		};
		EC8835221FE2A452009F69C4 /* main */ = {
			isa = PBXGroup;
			children = (
				EC8835231FE2A452009F69C4 /* Controller */,
				EC8835241FE2A452009F69C4 /* Model */,
				EC8835251FE2A452009F69C4 /* View */,
			);
			path = main;
			sourceTree = "<group>";
		};
		EC8835231FE2A452009F69C4 /* Controller */ = {
			isa = PBXGroup;
			children = (
				EC8835261FE2A4A2009F69C4 /* WMTTabBarController.h */,
				EC8835271FE2A4A2009F69C4 /* WMTTabBarController.m */,
				ECAFF78B1FE7E1580061755A /* WMTNavigationViewController.h */,
				ECAFF78C1FE7E1580061755A /* WMTNavigationViewController.m */,
			);
			path = Controller;
			sourceTree = "<group>";
		};
		EC8835241FE2A452009F69C4 /* Model */ = {
			isa = PBXGroup;
			children = (
			);
			path = Model;
			sourceTree = "<group>";
		};
		EC8835251FE2A452009F69C4 /* View */ = {
			isa = PBXGroup;
			children = (
				ECAFF7811FE54F5A0061755A /* WMTTabBar.h */,
				ECAFF7821FE54F5A0061755A /* WMTTabBar.m */,
			);
			path = View;
			sourceTree = "<group>";
		};
		EC8835291FE2ACC5009F69C4 /* Category */ = {
			isa = PBXGroup;
			children = (
				EC88352A1FE2ACF4009F69C4 /* UIImage+Image.h */,
				EC88352B1FE2ACF4009F69C4 /* UIImage+Image.m */,
				ECAFF7841FE626A00061755A /* UIView+Frame.h */,
				ECAFF7851FE626A00061755A /* UIView+Frame.m */,
				ECAFF7881FE688550061755A /* UIBarButtonItem+Item.h */,
				ECAFF7891FE688550061755A /* UIBarButtonItem+Item.m */,
			);
			path = Category;
			sourceTree = "<group>";
		};
		EC9E098D202B2E27008E627E /* Model */ = {
			isa = PBXGroup;
			children = (
				EC9E098E202B2E5E008E627E /* WMTTopic.h */,
				EC9E098F202B2E5E008E627E /* WMTTopic.m */,
			);
			path = Model;
			sourceTree = "<group>";
		};
		ECAFF7981FE7ED1C0061755A /* Setting(设置) */ = {
			isa = PBXGroup;
			children = (
				ECAFF7991FE7ED1C0061755A /* Controller */,
				ECAFF79C1FE7ED1C0061755A /* View */,
			);
			path = "Setting(设置)";
			sourceTree = "<group>";
		};
		ECAFF7991FE7ED1C0061755A /* Controller */ = {
			isa = PBXGroup;
			children = (
				ECAFF79A1FE7ED1C0061755A /* WMTSettingViewController.h */,
				ECAFF79B1FE7ED1C0061755A /* WMTSettingViewController.m */,
			);
			path = Controller;
			sourceTree = "<group>";
		};
		ECAFF79C1FE7ED1C0061755A /* View */ = {
			isa = PBXGroup;
			children = (
			);
			path = View;
			sourceTree = "<group>";
		};
		ECAFF7A31FE928A00061755A /* AD(广告) */ = {
			isa = PBXGroup;
			children = (
				ECAFF7A41FE928A00061755A /* Controller */,
				ECAFF7A51FE928A00061755A /* Model */,
				ECAFF7A61FE928A00061755A /* View */,
			);
			path = "AD(广告)";
			sourceTree = "<group>";
		};
		ECAFF7A41FE928A00061755A /* Controller */ = {
			isa = PBXGroup;
			children = (
				ECAFF7A71FE929100061755A /* WMTADViewController.h */,
				ECAFF7A81FE929100061755A /* WMTADViewController.m */,
				ECAFF7AA1FE92CBC0061755A /* WMTADViewController.xib */,
			);
			path = Controller;
			sourceTree = "<group>";
		};
		ECAFF7A51FE928A00061755A /* Model */ = {
			isa = PBXGroup;
			children = (
				ECAFF7BB1FEE26CD0061755A /* WMTADItem.h */,
				ECAFF7BC1FEE26CD0061755A /* WMTADItem.m */,
			);
			path = Model;
			sourceTree = "<group>";
		};
		ECAFF7A61FE928A00061755A /* View */ = {
			isa = PBXGroup;
			children = (
			);
			path = View;
			sourceTree = "<group>";
		};
		ECAFF7AC1FE95EC30061755A /* 启动图片 */ = {
			isa = PBXGroup;
			children = (
				ECAFF7AD1FE95EC30061755A /* LaunchImage-568h@2x.png */,
				ECAFF7AE1FE95EC30061755A /* LaunchImage-700-568h@2x.png */,
				ECAFF7AF1FE95EC30061755A /* LaunchImage-700@2x.png */,
				ECAFF7B01FE95EC30061755A /* LaunchImage-800-667h@2x.png */,
				ECAFF7B11FE95EC30061755A /* LaunchImage-800-Portrait-736h@3x.png */,
				ECAFF7B21FE95EC30061755A /* LaunchImage.png */,
				ECAFF7B31FE95EC30061755A /* LaunchImage@2x.png */,
			);
			path = "启动图片";
			sourceTree = "<group>";
		};
		ECAFF7CF1FF14F020061755A /* Controller */ = {
			isa = PBXGroup;
			children = (
				EC9E0992202C5FA9008E627E /* XMGNewViewController.h */,
				EC9E0991202C5FA9008E627E /* XMGNewViewController.m */,
				ECAFF7E01FF1DE140061755A /* WMTSubTagViewController.h */,
				ECAFF7E11FF1DE140061755A /* WMTSubTagViewController.m */,
			);
			path = Controller;
			sourceTree = "<group>";
		};
		ECAFF7D91FF153AB0061755A /* Model */ = {
			isa = PBXGroup;
			children = (
				ECAFF7E31FF1E60F0061755A /* WMTSubTagItem.h */,
				ECAFF7E41FF1E60F0061755A /* WMTSubTagItem.m */,
			);
			path = Model;
			sourceTree = "<group>";
		};
		ECAFF7DA1FF154570061755A /* Model */ = {
			isa = PBXGroup;
			children = (
			);
			path = Model;
			sourceTree = "<group>";
		};
		ECAFF7DB1FF154570061755A /* View */ = {
			isa = PBXGroup;
			children = (
			);
			path = View;
			sourceTree = "<group>";
		};
		ECAFF7DC1FF154570061755A /* Controller */ = {
			isa = PBXGroup;
			children = (
				EC88351F1FE2745C009F69C4 /* WMTPublishViewController.h */,
				EC8835201FE2745C009F69C4 /* WMTPublishViewController.m */,
			);
			path = Controller;
			sourceTree = "<group>";
		};
		ECAFF7DD1FF154B00061755A /* View */ = {
			isa = PBXGroup;
			children = (
			);
			path = View;
			sourceTree = "<group>";
		};
		ECAFF7DE1FF154B10061755A /* Model */ = {
			isa = PBXGroup;
			children = (
			);
			path = Model;
			sourceTree = "<group>";
		};
		ECAFF7DF1FF154B10061755A /* Controller */ = {
			isa = PBXGroup;
			children = (
				EC8835191FE273FD009F69C4 /* WMTMeTiewController.h */,
				EC88351A1FE273FD009F69C4 /* WMTMeTiewController.m */,
				ECC2B8B41FFB897D0025BB42 /* WMTMeTiewController.storyboard */,
			);
			path = Controller;
			sourceTree = "<group>";
		};
		ECAFF7ED1FF344F20061755A /* Controller */ = {
			isa = PBXGroup;
			children = (
				EC8835161FE2738C009F69C4 /* WMTFriendTrendViewController.h */,
				EC8835171FE2738C009F69C4 /* WMTFriendTrendViewController.m */,
				ECAFF7F01FF345AF0061755A /* WMTFriendTrendViewController.xib */,
				ECAFF8021FF351020061755A /* WMTLoginRegisterViewController.h */,
				ECAFF8031FF351020061755A /* WMTLoginRegisterViewController.m */,
				ECAFF8041FF351020061755A /* WMTLoginRegisterViewController.xib */,
			);
			path = Controller;
			sourceTree = "<group>";
		};
		ECAFF8151FF3670F0061755A /* View */ = {
			isa = PBXGroup;
			children = (
				ECAFF8171FF367600061755A /* WMTLoginRegister.h */,
				ECAFF8181FF367600061755A /* WMTLoginRegister.m */,
				ECAFF81C1FF367ED0061755A /* WMTLoginRegister.xib */,
			);
			path = View;
			sourceTree = "<group>";
		};
		ECAFF8161FF3670F0061755A /* Model */ = {
			isa = PBXGroup;
			children = (
			);
			path = Model;
			sourceTree = "<group>";
		};
/* End PBXGroup section */

/* Begin PBXNativeTarget section */
		EC7EDAAD1FE2449B00C30DF1 /* BuDeJie */ = {
			isa = PBXNativeTarget;
			buildConfigurationList = EC7EDAC41FE2449B00C30DF1 /* Build configuration list for PBXNativeTarget "BuDeJie" */;
			buildPhases = (
				74778E91FCDC457A8408F1A3 /* [CP] Check Pods Manifest.lock */,
				EC7EDAAA1FE2449B00C30DF1 /* Sources */,
				EC7EDAAB1FE2449B00C30DF1 /* Frameworks */,
				EC7EDAAC1FE2449B00C30DF1 /* Resources */,
				BE5CF1DB664EA4BFED918CD7 /* [CP] Embed Pods Frameworks */,
				7501286123BAEAD5AEAAC7EE /* [CP] Copy Pods Resources */,
			);
			buildRules = (
			);
			dependencies = (
			);
			name = BuDeJie;
			productName = BuDeJie;
			productReference = EC7EDAAE1FE2449B00C30DF1 /* BuDeJie.app */;
			productType = "com.apple.product-type.application";
		};
/* End PBXNativeTarget section */

/* Begin PBXProject section */
		EC7EDAA61FE2449B00C30DF1 /* Project object */ = {
			isa = PBXProject;
			attributes = {
				CLASSPREFIX = WMT;
				LastUpgradeCheck = 0910;
				ORGANIZATIONNAME = wangmutian;
				TargetAttributes = {
					EC7EDAAD1FE2449B00C30DF1 = {
						CreatedOnToolsVersion = 9.1;
						ProvisioningStyle = Automatic;
					};
				};
			};
			buildConfigurationList = EC7EDAA91FE2449B00C30DF1 /* Build configuration list for PBXProject "BuDeJie" */;
			compatibilityVersion = "Xcode 8.0";
			developmentRegion = en;
			hasScannedForEncodings = 0;
			knownRegions = (
				en,
				Base,
			);
			mainGroup = EC7EDAA51FE2449B00C30DF1;
			productRefGroup = EC7EDAAF1FE2449B00C30DF1 /* Products */;
			projectDirPath = "";
			projectRoot = "";
			targets = (
				EC7EDAAD1FE2449B00C30DF1 /* BuDeJie */,
			);
		};
/* End PBXProject section */

/* Begin PBXResourcesBuildPhase section */
		EC7EDAAC1FE2449B00C30DF1 /* Resources */ = {
			isa = PBXResourcesBuildPhase;
			buildActionMask = 2147483647;
			files = (
				ECAFF8061FF351020061755A /* WMTLoginRegisterViewController.xib in Resources */,
				ECAFF7B51FE95EC30061755A /* LaunchImage-700-568h@2x.png in Resources */,
				ECAFF7EA1FF1EF9E0061755A /* WMTSubTagcel.xib in Resources */,
				EC37E1D42036ADBE00E76C8D /* WMTTopicVoiceView.xib in Resources */,
				ECAFF7BA1FE95EC30061755A /* LaunchImage@2x.png in Resources */,
				EC7EDABE1FE2449B00C30DF1 /* LaunchScreen.storyboard in Resources */,
				EC7EDAC81FE2555700C30DF1 /* Images.xcassets in Resources */,
				EC37E1D32036ADBE00E76C8D /* WMTTopicPictureView.xib in Resources */,
				ECAFF7AB1FE92CBC0061755A /* WMTADViewController.xib in Resources */,
				ECC2B8B51FFB897D0025BB42 /* WMTMeTiewController.storyboard in Resources */,
				ECAFF7B71FE95EC30061755A /* LaunchImage-800-667h@2x.png in Resources */,
				EC7EDABB1FE2449B00C30DF1 /* Assets.xcassets in Resources */,
				ECAFF7F11FF345AF0061755A /* WMTFriendTrendViewController.xib in Resources */,
				EC37E1CA2036AC9300E76C8D /* WMTTopicVideoView.xib in Resources */,
				ECAFF7B61FE95EC30061755A /* LaunchImage-700@2x.png in Resources */,
				ECAFF81D1FF367ED0061755A /* WMTLoginRegister.xib in Resources */,
				ECAFF7B41FE95EC30061755A /* LaunchImage-568h@2x.png in Resources */,
				EC9E09A4202C6912008E627E /* WMTTopicCell.xib in Resources */,
				ECAFF7B81FE95EC30061755A /* LaunchImage-800-Portrait-736h@3x.png in Resources */,
				EC7EDAB91FE2449B00C30DF1 /* Main.storyboard in Resources */,
				ECAFF7B91FE95EC30061755A /* LaunchImage.png in Resources */,
			);
			runOnlyForDeploymentPostprocessing = 0;
		};
/* End PBXResourcesBuildPhase section */

/* Begin PBXShellScriptBuildPhase section */
		74778E91FCDC457A8408F1A3 /* [CP] Check Pods Manifest.lock */ = {
			isa = PBXShellScriptBuildPhase;
			buildActionMask = 2147483647;
			files = (
			);
			inputPaths = (
				"${PODS_PODFILE_DIR_PATH}/Podfile.lock",
				"${PODS_ROOT}/Manifest.lock",
			);
			name = "[CP] Check Pods Manifest.lock";
			outputPaths = (
				"$(DERIVED_FILE_DIR)/Pods-BuDeJie-checkManifestLockResult.txt",
			);
			runOnlyForDeploymentPostprocessing = 0;
			shellPath = /bin/sh;
			shellScript = "diff \"${PODS_PODFILE_DIR_PATH}/Podfile.lock\" \"${PODS_ROOT}/Manifest.lock\" > /dev/null\nif [ $? != 0 ] ; then\n    # print error to STDERR\n    echo \"error: The sandbox is not in sync with the Podfile.lock. Run 'pod install' or update your CocoaPods installation.\" >&2\n    exit 1\nfi\n# This output is used by Xcode 'outputs' to avoid re-running this script phase.\necho \"SUCCESS\" > \"${SCRIPT_OUTPUT_FILE_0}\"\n";
			showEnvVarsInLog = 0;
		};
		7501286123BAEAD5AEAAC7EE /* [CP] Copy Pods Resources */ = {
			isa = PBXShellScriptBuildPhase;
			buildActionMask = 2147483647;
			files = (
			);
			inputPaths = (
				"${SRCROOT}/Pods/Target Support Files/Pods-BuDeJie/Pods-BuDeJie-resources.sh",
				"${PODS_ROOT}/MJRefresh/MJRefresh/MJRefresh.bundle",
				"${PODS_ROOT}/SVProgressHUD/SVProgressHUD/SVProgressHUD.bundle",
			);
			name = "[CP] Copy Pods Resources";
			outputPaths = (
				"${TARGET_BUILD_DIR}/${UNLOCALIZED_RESOURCES_FOLDER_PATH}",
			);
			runOnlyForDeploymentPostprocessing = 0;
			shellPath = /bin/sh;
			shellScript = "\"${SRCROOT}/Pods/Target Support Files/Pods-BuDeJie/Pods-BuDeJie-resources.sh\"\n";
			showEnvVarsInLog = 0;
		};
		BE5CF1DB664EA4BFED918CD7 /* [CP] Embed Pods Frameworks */ = {
			isa = PBXShellScriptBuildPhase;
			buildActionMask = 2147483647;
			files = (
			);
			inputPaths = (
			);
			name = "[CP] Embed Pods Frameworks";
			outputPaths = (
			);
			runOnlyForDeploymentPostprocessing = 0;
			shellPath = /bin/sh;
			shellScript = "\"${SRCROOT}/Pods/Target Support Files/Pods-BuDeJie/Pods-BuDeJie-frameworks.sh\"\n";
			showEnvVarsInLog = 0;
		};
/* End PBXShellScriptBuildPhase section */

/* Begin PBXSourcesBuildPhase section */
		EC7EDAAA1FE2449B00C30DF1 /* Sources */ = {
			isa = PBXSourcesBuildPhase;
			buildActionMask = 2147483647;
			files = (
				EC46911B2007513A0061C1AF /* WMTVoiceViewController.m in Sources */,
				ECAFF8051FF351020061755A /* WMTLoginRegisterViewController.m in Sources */,
				EC8835281FE2A4A2009F69C4 /* WMTTabBarController.m in Sources */,
				ECAFF78A1FE688550061755A /* UIBarButtonItem+Item.m in Sources */,
				EC37E1CD2036AD3000E76C8D /* WMTTopicVoiceView.m in Sources */,
				ECAFF7BD1FEE26CD0061755A /* WMTADItem.m in Sources */,
				EC8835211FE2745C009F69C4 /* WMTPublishViewController.m in Sources */,
				EC8835121FE272B2009F69C4 /* main.m in Sources */,
				ECAFF7E91FF1EF9E0061755A /* WMTSubTagcel.m in Sources */,
				ECAFF79F1FE7ED1C0061755A /* WMTSettingViewController.m in Sources */,
				EC88352C1FE2ACF4009F69C4 /* UIImage+Image.m in Sources */,
				ECAFF7A91FE929100061755A /* WMTADViewController.m in Sources */,
				EC8835181FE2738C009F69C4 /* WMTFriendTrendViewController.m in Sources */,
				EC8835111FE272B2009F69C4 /* AppDelegate.m in Sources */,
				EC8835151FE2736D009F69C4 /* WMTEsesenceViewController.m in Sources */,
				ECAFF7831FE54F5A0061755A /* WMTTabBar.m in Sources */,
				EC4691122007505B0061C1AF /* WMTAllViewController.m in Sources */,
				EC9E0996202C6740008E627E /* WMTTopicCell.m in Sources */,
				EC469115200750770061C1AF /* WMTPictureViewController.m in Sources */,
				EC9E0990202B2E5E008E627E /* WMTTopic.m in Sources */,
				EC469118200751190061C1AF /* WMTViewViewController.m in Sources */,
				EC46910F2005E69C0061C1AF /* WMTTitleButton.m in Sources */,
				ECAFF78D1FE7E1580061755A /* WMTNavigationViewController.m in Sources */,
				EC88351B1FE273FD009F69C4 /* WMTMeTiewController.m in Sources */,
				EC37E1C82036AC4100E76C8D /* WMTTopicVideoView.m in Sources */,
				ECAFF7E51FF1E60F0061755A /* WMTSubTagItem.m in Sources */,
				ECAFF8191FF367600061755A /* WMTLoginRegister.m in Sources */,
				ECAFF7861FE626A00061755A /* UIView+Frame.m in Sources */,
				ECAFF7E21FF1DE140061755A /* WMTSubTagViewController.m in Sources */,
				EC9E0993202C5FA9008E627E /* XMGNewViewController.m in Sources */,
				EC37E1D02036AD5600E76C8D /* WMTTopicPictureView.m in Sources */,
				EC46911E2007514B0061C1AF /* WMTWordViewController.m in Sources */,
			);
			runOnlyForDeploymentPostprocessing = 0;
		};
/* End PBXSourcesBuildPhase section */

/* Begin PBXVariantGroup section */
		EC7EDAB71FE2449B00C30DF1 /* Main.storyboard */ = {
			isa = PBXVariantGroup;
			children = (
				EC7EDAB81FE2449B00C30DF1 /* Base */,
			);
			name = Main.storyboard;
			sourceTree = "<group>";
		};
		EC7EDABC1FE2449B00C30DF1 /* LaunchScreen.storyboard */ = {
			isa = PBXVariantGroup;
			children = (
				EC7EDABD1FE2449B00C30DF1 /* Base */,
			);
			name = LaunchScreen.storyboard;
			sourceTree = "<group>";
		};
/* End PBXVariantGroup section */

/* Begin XCBuildConfiguration section */
		EC7EDAC21FE2449B00C30DF1 /* Debug */ = {
			isa = XCBuildConfiguration;
			buildSettings = {
				ALWAYS_SEARCH_USER_PATHS = NO;
				CLANG_ANALYZER_NONNULL = YES;
				CLANG_ANALYZER_NUMBER_OBJECT_CONVERSION = YES_AGGRESSIVE;
				CLANG_CXX_LANGUAGE_STANDARD = "gnu++14";
				CLANG_CXX_LIBRARY = "libc++";
				CLANG_ENABLE_MODULES = YES;
				CLANG_ENABLE_OBJC_ARC = YES;
				CLANG_WARN_BLOCK_CAPTURE_AUTORELEASING = YES;
				CLANG_WARN_BOOL_CONVERSION = YES;
				CLANG_WARN_COMMA = YES;
				CLANG_WARN_CONSTANT_CONVERSION = YES;
				CLANG_WARN_DIRECT_OBJC_ISA_USAGE = YES_ERROR;
				CLANG_WARN_DOCUMENTATION_COMMENTS = YES;
				CLANG_WARN_EMPTY_BODY = YES;
				CLANG_WARN_ENUM_CONVERSION = YES;
				CLANG_WARN_INFINITE_RECURSION = YES;
				CLANG_WARN_INT_CONVERSION = YES;
				CLANG_WARN_NON_LITERAL_NULL_CONVERSION = YES;
				CLANG_WARN_OBJC_LITERAL_CONVERSION = YES;
				CLANG_WARN_OBJC_ROOT_CLASS = YES_ERROR;
				CLANG_WARN_RANGE_LOOP_ANALYSIS = YES;
				CLANG_WARN_STRICT_PROTOTYPES = YES;
				CLANG_WARN_SUSPICIOUS_MOVE = YES;
				CLANG_WARN_UNGUARDED_AVAILABILITY = YES_AGGRESSIVE;
				CLANG_WARN_UNREACHABLE_CODE = YES;
				CLANG_WARN__DUPLICATE_METHOD_MATCH = YES;
				CODE_SIGN_IDENTITY = "iPhone Developer";
				COPY_PHASE_STRIP = NO;
				DEBUG_INFORMATION_FORMAT = dwarf;
				ENABLE_BITCODE = NO;
				ENABLE_STRICT_OBJC_MSGSEND = YES;
				ENABLE_TESTABILITY = YES;
				GCC_C_LANGUAGE_STANDARD = gnu11;
				GCC_DYNAMIC_NO_PIC = NO;
				GCC_NO_COMMON_BLOCKS = YES;
				GCC_OPTIMIZATION_LEVEL = 0;
				GCC_PREPROCESSOR_DEFINITIONS = (
					"DEBUG=1",
					"$(inherited)",
				);
				GCC_WARN_64_TO_32_BIT_CONVERSION = YES;
				GCC_WARN_ABOUT_RETURN_TYPE = YES_ERROR;
				GCC_WARN_UNDECLARED_SELECTOR = YES;
				GCC_WARN_UNINITIALIZED_AUTOS = YES_AGGRESSIVE;
				GCC_WARN_UNUSED_FUNCTION = YES;
				GCC_WARN_UNUSED_VARIABLE = YES;
				IPHONEOS_DEPLOYMENT_TARGET = 11.2;
				MTL_ENABLE_DEBUG_INFO = YES;
				ONLY_ACTIVE_ARCH = NO;
				SDKROOT = iphoneos;
			};
			name = Debug;
		};
		EC7EDAC31FE2449B00C30DF1 /* Release */ = {
			isa = XCBuildConfiguration;
			buildSettings = {
				ALWAYS_SEARCH_USER_PATHS = NO;
				CLANG_ANALYZER_NONNULL = YES;
				CLANG_ANALYZER_NUMBER_OBJECT_CONVERSION = YES_AGGRESSIVE;
				CLANG_CXX_LANGUAGE_STANDARD = "gnu++14";
				CLANG_CXX_LIBRARY = "libc++";
				CLANG_ENABLE_MODULES = YES;
				CLANG_ENABLE_OBJC_ARC = YES;
				CLANG_WARN_BLOCK_CAPTURE_AUTORELEASING = YES;
				CLANG_WARN_BOOL_CONVERSION = YES;
				CLANG_WARN_COMMA = YES;
				CLANG_WARN_CONSTANT_CONVERSION = YES;
				CLANG_WARN_DIRECT_OBJC_ISA_USAGE = YES_ERROR;
				CLANG_WARN_DOCUMENTATION_COMMENTS = YES;
				CLANG_WARN_EMPTY_BODY = YES;
				CLANG_WARN_ENUM_CONVERSION = YES;
				CLANG_WARN_INFINITE_RECURSION = YES;
				CLANG_WARN_INT_CONVERSION = YES;
				CLANG_WARN_NON_LITERAL_NULL_CONVERSION = YES;
				CLANG_WARN_OBJC_LITERAL_CONVERSION = YES;
				CLANG_WARN_OBJC_ROOT_CLASS = YES_ERROR;
				CLANG_WARN_RANGE_LOOP_ANALYSIS = YES;
				CLANG_WARN_STRICT_PROTOTYPES = YES;
				CLANG_WARN_SUSPICIOUS_MOVE = YES;
				CLANG_WARN_UNGUARDED_AVAILABILITY = YES_AGGRESSIVE;
				CLANG_WARN_UNREACHABLE_CODE = YES;
				CLANG_WARN__DUPLICATE_METHOD_MATCH = YES;
				CODE_SIGN_IDENTITY = "iPhone Developer";
				COPY_PHASE_STRIP = NO;
				DEBUG_INFORMATION_FORMAT = "dwarf-with-dsym";
				ENABLE_BITCODE = NO;
				ENABLE_NS_ASSERTIONS = NO;
				ENABLE_STRICT_OBJC_MSGSEND = YES;
				GCC_C_LANGUAGE_STANDARD = gnu11;
				GCC_NO_COMMON_BLOCKS = YES;
				GCC_WARN_64_TO_32_BIT_CONVERSION = YES;
				GCC_WARN_ABOUT_RETURN_TYPE = YES_ERROR;
				GCC_WARN_UNDECLARED_SELECTOR = YES;
				GCC_WARN_UNINITIALIZED_AUTOS = YES_AGGRESSIVE;
				GCC_WARN_UNUSED_FUNCTION = YES;
				GCC_WARN_UNUSED_VARIABLE = YES;
				IPHONEOS_DEPLOYMENT_TARGET = 11.2;
				MTL_ENABLE_DEBUG_INFO = NO;
				ONLY_ACTIVE_ARCH = NO;
				SDKROOT = iphoneos;
				VALIDATE_PRODUCT = YES;
			};
			name = Release;
		};
		EC7EDAC51FE2449B00C30DF1 /* Debug */ = {
			isa = XCBuildConfiguration;
			baseConfigurationReference = DAB347DF04590F1479D8E756 /* Pods-BuDeJie.debug.xcconfig */;
			buildSettings = {
				ASSETCATALOG_COMPILER_APPICON_NAME = AppIcon;
				CODE_SIGN_STYLE = Automatic;
				DEVELOPMENT_TEAM = L8BDUH6ZF6;
				GCC_PREFIX_HEADER = "$(SRCROOT)/$(PROJECT_NAME)/Classes/Other/BuDeJie.pch";
				INFOPLIST_FILE = BuDeJie/Info.plist;
				IPHONEOS_DEPLOYMENT_TARGET = 11.1;
				LD_RUNPATH_SEARCH_PATHS = "$(inherited) @executable_path/Frameworks";
				PRODUCT_BUNDLE_IDENTIFIER = com.study1214.BuDeJie;
				PRODUCT_NAME = "$(TARGET_NAME)";
				TARGETED_DEVICE_FAMILY = "1,2";
			};
			name = Debug;
		};
		EC7EDAC61FE2449B00C30DF1 /* Release */ = {
			isa = XCBuildConfiguration;
			baseConfigurationReference = 41A5EAF42AA0A5BB79BF5728 /* Pods-BuDeJie.release.xcconfig */;
			buildSettings = {
				ASSETCATALOG_COMPILER_APPICON_NAME = AppIcon;
				CODE_SIGN_STYLE = Automatic;
				DEVELOPMENT_TEAM = L8BDUH6ZF6;
				GCC_PREFIX_HEADER = "$(SRCROOT)/$(PROJECT_NAME)/Classes/Other/BuDeJie.pch";
				INFOPLIST_FILE = BuDeJie/Info.plist;
				IPHONEOS_DEPLOYMENT_TARGET = 11.1;
				LD_RUNPATH_SEARCH_PATHS = "$(inherited) @executable_path/Frameworks";
				PRODUCT_BUNDLE_IDENTIFIER = com.study1214.BuDeJie;
				PRODUCT_NAME = "$(TARGET_NAME)";
				TARGETED_DEVICE_FAMILY = "1,2";
			};
			name = Release;
		};
/* End XCBuildConfiguration section */

/* Begin XCConfigurationList section */
		EC7EDAA91FE2449B00C30DF1 /* Build configuration list for PBXProject "BuDeJie" */ = {
			isa = XCConfigurationList;
			buildConfigurations = (
				EC7EDAC21FE2449B00C30DF1 /* Debug */,
				EC7EDAC31FE2449B00C30DF1 /* Release */,
			);
			defaultConfigurationIsVisible = 0;
			defaultConfigurationName = Release;
		};
		EC7EDAC41FE2449B00C30DF1 /* Build configuration list for PBXNativeTarget "BuDeJie" */ = {
			isa = XCConfigurationList;
			buildConfigurations = (
				EC7EDAC51FE2449B00C30DF1 /* Debug */,
				EC7EDAC61FE2449B00C30DF1 /* Release */,
			);
			defaultConfigurationIsVisible = 0;
			defaultConfigurationName = Release;
		};
/* End XCConfigurationList section */
	};
	rootObject = EC7EDAA61FE2449B00C30DF1 /* Project object */;
}
